
Microsoft Visual Studio Solution File, Format Version 12.00
# Visual Studio Version 17
VisualStudioVersion = 17.1.32328.378
MinimumVisualStudioVersion = 10.0.40219.1
Project("{9A19103F-16F7-4668-BE54-9A1E7A4F7556}") = "IocEx", "IocEx\IocEx.csproj", "{F8BF49B9-3EDE-49EB-8529-F0C3FABC55A7}"
EndProject
Project("{9A19103F-16F7-4668-BE54-9A1E7A4F7556}") = "DapperEx", "DapperEx\DapperEx.csproj", "{494EB53E-5669-4805-89B5-BB4B275BD987}"
EndProject
Project("{9A19103F-16F7-4668-BE54-9A1E7A4F7556}") = "ConfigurationEx", "ConfigurationEx\ConfigurationEx.csproj", "{5801D63A-DA2A-4377-A3A5-D53738D8F5EF}"
EndProject
Project("{9A19103F-16F7-4668-BE54-9A1E7A4F7556}") = "IndividualEx", "IndividualEx\IndividualEx.csproj", "{D701784B-4DA5-4891-8251-E95F95AFA0C4}"
EndProject
Project("{9A19103F-16F7-4668-BE54-9A1E7A4F7556}") = "FileConfigurationEx", "FileConfigurationEx\FileConfigurationEx.csproj", "{1E762407-FEC0-41B6-B1E8-59C573E1EB9A}"
EndProject
Project("{9A19103F-16F7-4668-BE54-9A1E7A4F7556}") = "JsonStreamToJsonEx", "JsonStreamToJsonEx\JsonStreamToJsonEx.csproj", "{FD9C85EC-A2DD-4679-B48A-F335BD86EE65}"
EndProject
Project("{9A19103F-16F7-4668-BE54-9A1E7A4F7556}") = "OptionEx", "OptionEx\OptionEx.csproj", "{1B5CA6E7-7910-4357-B47B-5E2F10D1DDCE}"
EndProject
Project("{9A19103F-16F7-4668-BE54-9A1E7A4F7556}") = "FileSystemEx", "FileSystemEx\FileSystemEx.csproj", "{44ED0133-4AE0-478A-873B-8C5B3C051C0C}"
EndProject
Project("{9A19103F-16F7-4668-BE54-9A1E7A4F7556}") = "DisposeEx", "DisposeEx\DisposeEx.csproj", "{F85AD5B6-8C9D-45DC-8016-1F67C40CD932}"
EndProject
Project("{9A19103F-16F7-4668-BE54-9A1E7A4F7556}") = "WebServerEx", "WebServerEx\WebServerEx.csproj", "{D181E29C-B39A-4F31-8BC1-309CAC2241D0}"
EndProject
Project("{9A19103F-16F7-4668-BE54-9A1E7A4F7556}") = "CancellationTokenSourceEx", "CancellationTokenSourceEx\CancellationTokenSourceEx.csproj", "{C5AA24D0-8D2B-4E1B-82DC-1B52F625275B}"
EndProject
Project("{9A19103F-16F7-4668-BE54-9A1E7A4F7556}") = "ExpressionEx", "ExpressionEx\ExpressionEx.csproj", "{34C7F22C-8C60-4018-AA91-6AFD918B081A}"
EndProject
Project("{FAE04EC0-301F-11D3-BF4B-00C04F79EFBC}") = "ThreadPoolEx", "ThreadPoolEx\ThreadPoolEx.csproj", "{4B3EFECC-72B8-4291-9591-90E21BD06147}"
EndProject
Global
	GlobalSection(SolutionConfigurationPlatforms) = preSolution
		Debug|Any CPU = Debug|Any CPU
		Release|Any CPU = Release|Any CPU
	EndGlobalSection
	GlobalSection(ProjectConfigurationPlatforms) = postSolution
		{F8BF49B9-3EDE-49EB-8529-F0C3FABC55A7}.Debug|Any CPU.ActiveCfg = Debug|Any CPU
		{F8BF49B9-3EDE-49EB-8529-F0C3FABC55A7}.Debug|Any CPU.Build.0 = Debug|Any CPU
		{F8BF49B9-3EDE-49EB-8529-F0C3FABC55A7}.Release|Any CPU.ActiveCfg = Release|Any CPU
		{F8BF49B9-3EDE-49EB-8529-F0C3FABC55A7}.Release|Any CPU.Build.0 = Release|Any CPU
		{494EB53E-5669-4805-89B5-BB4B275BD987}.Debug|Any CPU.ActiveCfg = Debug|Any CPU
		{494EB53E-5669-4805-89B5-BB4B275BD987}.Debug|Any CPU.Build.0 = Debug|Any CPU
		{494EB53E-5669-4805-89B5-BB4B275BD987}.Release|Any CPU.ActiveCfg = Release|Any CPU
		{494EB53E-5669-4805-89B5-BB4B275BD987}.Release|Any CPU.Build.0 = Release|Any CPU
		{5801D63A-DA2A-4377-A3A5-D53738D8F5EF}.Debug|Any CPU.ActiveCfg = Debug|Any CPU
		{5801D63A-DA2A-4377-A3A5-D53738D8F5EF}.Debug|Any CPU.Build.0 = Debug|Any CPU
		{5801D63A-DA2A-4377-A3A5-D53738D8F5EF}.Release|Any CPU.ActiveCfg = Release|Any CPU
		{5801D63A-DA2A-4377-A3A5-D53738D8F5EF}.Release|Any CPU.Build.0 = Release|Any CPU
		{D701784B-4DA5-4891-8251-E95F95AFA0C4}.Debug|Any CPU.ActiveCfg = Debug|Any CPU
		{D701784B-4DA5-4891-8251-E95F95AFA0C4}.Debug|Any CPU.Build.0 = Debug|Any CPU
		{D701784B-4DA5-4891-8251-E95F95AFA0C4}.Release|Any CPU.ActiveCfg = Release|Any CPU
		{D701784B-4DA5-4891-8251-E95F95AFA0C4}.Release|Any CPU.Build.0 = Release|Any CPU
		{1E762407-FEC0-41B6-B1E8-59C573E1EB9A}.Debug|Any CPU.ActiveCfg = Debug|Any CPU
		{1E762407-FEC0-41B6-B1E8-59C573E1EB9A}.Debug|Any CPU.Build.0 = Debug|Any CPU
		{1E762407-FEC0-41B6-B1E8-59C573E1EB9A}.Release|Any CPU.ActiveCfg = Release|Any CPU
		{1E762407-FEC0-41B6-B1E8-59C573E1EB9A}.Release|Any CPU.Build.0 = Release|Any CPU
		{FD9C85EC-A2DD-4679-B48A-F335BD86EE65}.Debug|Any CPU.ActiveCfg = Debug|Any CPU
		{FD9C85EC-A2DD-4679-B48A-F335BD86EE65}.Debug|Any CPU.Build.0 = Debug|Any CPU
		{FD9C85EC-A2DD-4679-B48A-F335BD86EE65}.Release|Any CPU.ActiveCfg = Release|Any CPU
		{FD9C85EC-A2DD-4679-B48A-F335BD86EE65}.Release|Any CPU.Build.0 = Release|Any CPU
		{1B5CA6E7-7910-4357-B47B-5E2F10D1DDCE}.Debug|Any CPU.ActiveCfg = Debug|Any CPU
		{1B5CA6E7-7910-4357-B47B-5E2F10D1DDCE}.Debug|Any CPU.Build.0 = Debug|Any CPU
		{1B5CA6E7-7910-4357-B47B-5E2F10D1DDCE}.Release|Any CPU.ActiveCfg = Release|Any CPU
		{1B5CA6E7-7910-4357-B47B-5E2F10D1DDCE}.Release|Any CPU.Build.0 = Release|Any CPU
		{44ED0133-4AE0-478A-873B-8C5B3C051C0C}.Debug|Any CPU.ActiveCfg = Debug|Any CPU
		{44ED0133-4AE0-478A-873B-8C5B3C051C0C}.Debug|Any CPU.Build.0 = Debug|Any CPU
		{44ED0133-4AE0-478A-873B-8C5B3C051C0C}.Release|Any CPU.ActiveCfg = Release|Any CPU
		{44ED0133-4AE0-478A-873B-8C5B3C051C0C}.Release|Any CPU.Build.0 = Release|Any CPU
		{F85AD5B6-8C9D-45DC-8016-1F67C40CD932}.Debug|Any CPU.ActiveCfg = Debug|Any CPU
		{F85AD5B6-8C9D-45DC-8016-1F67C40CD932}.Debug|Any CPU.Build.0 = Debug|Any CPU
		{F85AD5B6-8C9D-45DC-8016-1F67C40CD932}.Release|Any CPU.ActiveCfg = Release|Any CPU
		{F85AD5B6-8C9D-45DC-8016-1F67C40CD932}.Release|Any CPU.Build.0 = Release|Any CPU
		{D181E29C-B39A-4F31-8BC1-309CAC2241D0}.Debug|Any CPU.ActiveCfg = Debug|Any CPU
		{D181E29C-B39A-4F31-8BC1-309CAC2241D0}.Debug|Any CPU.Build.0 = Debug|Any CPU
		{D181E29C-B39A-4F31-8BC1-309CAC2241D0}.Release|Any CPU.ActiveCfg = Release|Any CPU
		{D181E29C-B39A-4F31-8BC1-309CAC2241D0}.Release|Any CPU.Build.0 = Release|Any CPU
		{C5AA24D0-8D2B-4E1B-82DC-1B52F625275B}.Debug|Any CPU.ActiveCfg = Debug|Any CPU
		{C5AA24D0-8D2B-4E1B-82DC-1B52F625275B}.Debug|Any CPU.Build.0 = Debug|Any CPU
		{C5AA24D0-8D2B-4E1B-82DC-1B52F625275B}.Release|Any CPU.ActiveCfg = Release|Any CPU
		{C5AA24D0-8D2B-4E1B-82DC-1B52F625275B}.Release|Any CPU.Build.0 = Release|Any CPU
		{34C7F22C-8C60-4018-AA91-6AFD918B081A}.Debug|Any CPU.ActiveCfg = Debug|Any CPU
		{34C7F22C-8C60-4018-AA91-6AFD918B081A}.Debug|Any CPU.Build.0 = Debug|Any CPU
		{34C7F22C-8C60-4018-AA91-6AFD918B081A}.Release|Any CPU.ActiveCfg = Release|Any CPU
		{34C7F22C-8C60-4018-AA91-6AFD918B081A}.Release|Any CPU.Build.0 = Release|Any CPU
		{4B3EFECC-72B8-4291-9591-90E21BD06147}.Debug|Any CPU.ActiveCfg = Debug|Any CPU
		{4B3EFECC-72B8-4291-9591-90E21BD06147}.Debug|Any CPU.Build.0 = Debug|Any CPU
		{4B3EFECC-72B8-4291-9591-90E21BD06147}.Release|Any CPU.ActiveCfg = Release|Any CPU
		{4B3EFECC-72B8-4291-9591-90E21BD06147}.Release|Any CPU.Build.0 = Release|Any CPU
	EndGlobalSection
	GlobalSection(SolutionProperties) = preSolution
		HideSolutionNode = FALSE
	EndGlobalSection
	GlobalSection(ExtensibilityGlobals) = postSolution
		SolutionGuid = {1458DCD8-6D73-483B-ABFA-778C5D652865}
	EndGlobalSection
EndGlobal
